
Microsoft Visual Studio Solution File, Format Version 12.00
# Visual Studio Version 17
VisualStudioVersion = 17.5.33530.505
MinimumVisualStudioVersion = 10.0.40219.1
Project("{9A19103F-16F7-4668-BE54-9A1E7A4F7556}") = "TestNuget", "TestNuget\TestNuget.csproj", "{BD13559E-A0EB-4511-B9EE-B3C016CCE05D}"
EndProject
Project("{FAE04EC0-301F-11D3-BF4B-00C04F79EFBC}") = "TestNuget.Test", "TestNuget.Test\TestNuget.Test.csproj", "{340AF08F-2988-4863-A77F-2C316D43BF61}"
EndProject
Global
	GlobalSection(SolutionConfigurationPlatforms) = preSolution
		Debug|Any CPU = Debug|Any CPU
		Release|Any CPU = Release|Any CPU
	EndGlobalSection
	GlobalSection(ProjectConfigurationPlatforms) = postSolution
		{BD13559E-A0EB-4511-B9EE-B3C016CCE05D}.Debug|Any CPU.ActiveCfg = Debug|Any CPU
		{BD13559E-A0EB-4511-B9EE-B3C016CCE05D}.Debug|Any CPU.Build.0 = Debug|Any CPU
		{BD13559E-A0EB-4511-B9EE-B3C016CCE05D}.Release|Any CPU.ActiveCfg = Release|Any CPU
		{BD13559E-A0EB-4511-B9EE-B3C016CCE05D}.Release|Any CPU.Build.0 = Release|Any CPU
		{340AF08F-2988-4863-A77F-2C316D43BF61}.Debug|Any CPU.ActiveCfg = Debug|Any CPU
		{340AF08F-2988-4863-A77F-2C316D43BF61}.Debug|Any CPU.Build.0 = Debug|Any CPU
		{340AF08F-2988-4863-A77F-2C316D43BF61}.Release|Any CPU.ActiveCfg = Release|Any CPU
		{340AF08F-2988-4863-A77F-2C316D43BF61}.Release|Any CPU.Build.0 = Release|Any CPU
	EndGlobalSection
	GlobalSection(SolutionProperties) = preSolution
		HideSolutionNode = FALSE
	EndGlobalSection
	GlobalSection(ExtensibilityGlobals) = postSolution
		SolutionGuid = {9207F619-4456-4612-8DCA-25E0700C48B6}
	EndGlobalSection
EndGlobal
